
Microsoft Visual Studio Solution File, Format Version 12.00
# Visual Studio Version 17
VisualStudioVersion = 17.2.32630.192
MinimumVisualStudioVersion = 10.0.40219.1
Project("{FAE04EC0-301F-11D3-BF4B-00C04F79EFBC}") = "MyBookStore", "MyBookStore.csproj", "{FBAF10FC-45AD-4243-9D4E-576BDD7660DE}"
EndProject
Global
	GlobalSection(SolutionConfigurationPlatforms) = preSolution
		Debug|Any CPU = Debug|Any CPU
		Release|Any CPU = Release|Any CPU
	EndGlobalSection
	GlobalSection(ProjectConfigurationPlatforms) = postSolution
		{FBAF10FC-45AD-4243-9D4E-576BDD7660DE}.Debug|Any CPU.ActiveCfg = Debug|Any CPU
		{FBAF10FC-45AD-4243-9D4E-576BDD7660DE}.Debug|Any CPU.Build.0 = Debug|Any CPU
		{FBAF10FC-45AD-4243-9D4E-576BDD7660DE}.Release|Any CPU.ActiveCfg = Release|Any CPU
		{FBAF10FC-45AD-4243-9D4E-576BDD7660DE}.Release|Any CPU.Build.0 = Release|Any CPU
	EndGlobalSection
	GlobalSection(SolutionProperties) = preSolution
		HideSolutionNode = FALSE
	EndGlobalSection
	GlobalSection(ExtensibilityGlobals) = postSolution
		SolutionGuid = {F62A9840-42E8-44D3-83BC-01F2B91833F3}
	EndGlobalSection
EndGlobal
